// !$*UTF8*$!
{
	archiveVersion = 1;
	classes = {
	};
	objectVersion = 56;
	objects = {

/* Begin PBXBuildFile section */
		8BB32D172A25F578000EF62B /* AppDelegate.m in Sources */ = {isa = PBXBuildFile; fileRef = 8BB32D162A25F578000EF62B /* AppDelegate.m */; };
		8BB32D1A2A25F578000EF62B /* SceneDelegate.m in Sources */ = {isa = PBXBuildFile; fileRef = 8BB32D192A25F578000EF62B /* SceneDelegate.m */; };
		8BB32D1D2A25F578000EF62B /* ViewController.m in Sources */ = {isa = PBXBuildFile; fileRef = 8BB32D1C2A25F578000EF62B /* ViewController.m */; };
		8BB32D202A25F578000EF62B /* Main.storyboard in Resources */ = {isa = PBXBuildFile; fileRef = 8BB32D1E2A25F578000EF62B /* Main.storyboard */; };
		8BB32D222A25F579000EF62B /* Assets.xcassets in Resources */ = {isa = PBXBuildFile; fileRef = 8BB32D212A25F579000EF62B /* Assets.xcassets */; };
		8BB32D252A25F579000EF62B /* LaunchScreen.storyboard in Resources */ = {isa = PBXBuildFile; fileRef = 8BB32D232A25F579000EF62B /* LaunchScreen.storyboard */; };
		8BB32D282A25F579000EF62B /* main.m in Sources */ = {isa = PBXBuildFile; fileRef = 8BB32D272A25F579000EF62B /* main.m */; };
		8BB32D322A25F579000EF62B /* helloCTests.m in Sources */ = {isa = PBXBuildFile; fileRef = 8BB32D312A25F579000EF62B /* helloCTests.m */; };
		8BB32D3C2A25F579000EF62B /* helloCUITests.m in Sources */ = {isa = PBXBuildFile; fileRef = 8BB32D3B2A25F579000EF62B /* helloCUITests.m */; };
		8BB32D3E2A25F579000EF62B /* helloCUITestsLaunchTests.m in Sources */ = {isa = PBXBuildFile; fileRef = 8BB32D3D2A25F579000EF62B /* helloCUITestsLaunchTests.m */; };
/* End PBXBuildFile section */

/* Begin PBXContainerItemProxy section */
		8BB32D2E2A25F579000EF62B /* PBXContainerItemProxy */ = {
			isa = PBXContainerItemProxy;
			containerPortal = 8BB32D0A2A25F578000EF62B /* Project object */;
			proxyType = 1;
			remoteGlobalIDString = 8BB32D112A25F578000EF62B;
			remoteInfo = helloC;
		};
		8BB32D382A25F579000EF62B /* PBXContainerItemProxy */ = {
			isa = PBXContainerItemProxy;
			containerPortal = 8BB32D0A2A25F578000EF62B /* Project object */;
			proxyType = 1;
			remoteGlobalIDString = 8BB32D112A25F578000EF62B;
			remoteInfo = helloC;
		};
/* End PBXContainerItemProxy section */

/* Begin PBXFileReference section */
		8BB32D122A25F578000EF62B /* helloC.app */ = {isa = PBXFileReference; explicitFileType = wrapper.application; includeInIndex = 0; path = helloC.app; sourceTree = BUILT_PRODUCTS_DIR; };
		8BB32D152A25F578000EF62B /* AppDelegate.h */ = {isa = PBXFileReference; lastKnownFileType = sourcecode.c.h; path = AppDelegate.h; sourceTree = "<group>"; };
		8BB32D162A25F578000EF62B /* AppDelegate.m */ = {isa = PBXFileReference; lastKnownFileType = sourcecode.c.objc; path = AppDelegate.m; sourceTree = "<group>"; };
		8BB32D182A25F578000EF62B /* SceneDelegate.h */ = {isa = PBXFileReference; lastKnownFileType = sourcecode.c.h; path = SceneDelegate.h; sourceTree = "<group>"; };
		8BB32D192A25F578000EF62B /* SceneDelegate.m */ = {isa = PBXFileReference; lastKnownFileType = sourcecode.c.objc; path = SceneDelegate.m; sourceTree = "<group>"; };
		8BB32D1B2A25F578000EF62B /* ViewController.h */ = {isa = PBXFileReference; lastKnownFileType = sourcecode.c.h; path = ViewController.h; sourceTree = "<group>"; };
		8BB32D1C2A25F578000EF62B /* ViewController.m */ = {isa = PBXFileReference; lastKnownFileType = sourcecode.c.objc; path = ViewController.m; sourceTree = "<group>"; };
		8BB32D1F2A25F578000EF62B /* Base */ = {isa = PBXFileReference; lastKnownFileType = file.storyboard; name = Base; path = Base.lproj/Main.storyboard; sourceTree = "<group>"; };
		8BB32D212A25F579000EF62B /* Assets.xcassets */ = {isa = PBXFileReference; lastKnownFileType = folder.assetcatalog; path = Assets.xcassets; sourceTree = "<group>"; };
		8BB32D242A25F579000EF62B /* Base */ = {isa = PBXFileReference; lastKnownFileType = file.storyboard; name = Base; path = Base.lproj/LaunchScreen.storyboard; sourceTree = "<group>"; };
		8BB32D262A25F579000EF62B /* Info.plist */ = {isa = PBXFileReference; lastKnownFileType = text.plist.xml; path = Info.plist; sourceTree = "<group>"; };
		8BB32D272A25F579000EF62B /* main.m */ = {isa = PBXFileReference; lastKnownFileType = sourcecode.c.objc; path = main.m; sourceTree = "<group>"; };
		8BB32D2D2A25F579000EF62B /* helloCTests.xctest */ = {isa = PBXFileReference; explicitFileType = wrapper.cfbundle; includeInIndex = 0; path = helloCTests.xctest; sourceTree = BUILT_PRODUCTS_DIR; };
		8BB32D312A25F579000EF62B /* helloCTests.m */ = {isa = PBXFileReference; lastKnownFileType = sourcecode.c.objc; path = helloCTests.m; sourceTree = "<group>"; };
		8BB32D372A25F579000EF62B /* helloCUITests.xctest */ = {isa = PBXFileReference; explicitFileType = wrapper.cfbundle; includeInIndex = 0; path = helloCUITests.xctest; sourceTree = BUILT_PRODUCTS_DIR; };
		8BB32D3B2A25F579000EF62B /* helloCUITests.m */ = {isa = PBXFileReference; lastKnownFileType = sourcecode.c.objc; path = helloCUITests.m; sourceTree = "<group>"; };
		8BB32D3D2A25F579000EF62B /* helloCUITestsLaunchTests.m */ = {isa = PBXFileReference; lastKnownFileType = sourcecode.c.objc; path = helloCUITestsLaunchTests.m; sourceTree = "<group>"; };
/* End PBXFileReference section */

/* Begin PBXFrameworksBuildPhase section */
		8BB32D0F2A25F578000EF62B /* Frameworks */ = {
			isa = PBXFrameworksBuildPhase;
			buildActionMask = 2147483647;
			files = (
			);
			runOnlyForDeploymentPostprocessing = 0;
		};
		8BB32D2A2A25F579000EF62B /* Frameworks */ = {
			isa = PBXFrameworksBuildPhase;
			buildActionMask = 2147483647;
			files = (
			);
			runOnlyForDeploymentPostprocessing = 0;
		};
		8BB32D342A25F579000EF62B /* Frameworks */ = {
			isa = PBXFrameworksBuildPhase;
			buildActionMask = 2147483647;
			files = (
			);
			runOnlyForDeploymentPostprocessing = 0;
		};
/* End PBXFrameworksBuildPhase section */

/* Begin PBXGroup section */
		8BB32D092A25F578000EF62B = {
			isa = PBXGroup;
			children = (
				8BB32D142A25F578000EF62B /* helloC */,
				8BB32D302A25F579000EF62B /* helloCTests */,
				8BB32D3A2A25F579000EF62B /* helloCUITests */,
				8BB32D132A25F578000EF62B /* Products */,
			);
			sourceTree = "<group>";
		};
		8BB32D132A25F578000EF62B /* Products */ = {
			isa = PBXGroup;
			children = (
				8BB32D122A25F578000EF62B /* helloC.app */,
				8BB32D2D2A25F579000EF62B /* helloCTests.xctest */,
				8BB32D372A25F579000EF62B /* helloCUITests.xctest */,
			);
			name = Products;
			sourceTree = "<group>";
		};
		8BB32D142A25F578000EF62B /* helloC */ = {
			isa = PBXGroup;
			children = (
				8BB32D152A25F578000EF62B /* AppDelegate.h */,
				8BB32D162A25F578000EF62B /* AppDelegate.m */,
				8BB32D182A25F578000EF62B /* SceneDelegate.h */,
				8BB32D192A25F578000EF62B /* SceneDelegate.m */,
				8BB32D1B2A25F578000EF62B /* ViewController.h */,
				8BB32D1C2A25F578000EF62B /* ViewController.m */,
				8BB32D1E2A25F578000EF62B /* Main.storyboard */,
				8BB32D212A25F579000EF62B /* Assets.xcassets */,
				8BB32D232A25F579000EF62B /* LaunchScreen.storyboard */,
				8BB32D262A25F579000EF62B /* Info.plist */,
				8BB32D272A25F579000EF62B /* main.m */,
			);
			path = helloC;
			sourceTree = "<group>";
		};
		8BB32D302A25F579000EF62B /* helloCTests */ = {
			isa = PBXGroup;
			children = (
				8BB32D312A25F579000EF62B /* helloCTests.m */,
			);
			path = helloCTests;
			sourceTree = "<group>";
		};
		8BB32D3A2A25F579000EF62B /* helloCUITests */ = {
			isa = PBXGroup;
			children = (
				8BB32D3B2A25F579000EF62B /* helloCUITests.m */,
				8BB32D3D2A25F579000EF62B /* helloCUITestsLaunchTests.m */,
			);
			path = helloCUITests;
			sourceTree = "<group>";
		};
/* End PBXGroup section */

/* Begin PBXNativeTarget section */
		8BB32D112A25F578000EF62B /* helloC */ = {
			isa = PBXNativeTarget;
			buildConfigurationList = 8BB32D412A25F579000EF62B /* Build configuration list for PBXNativeTarget "helloC" */;
			buildPhases = (
				8BB32D0E2A25F578000EF62B /* Sources */,
				8BB32D0F2A25F578000EF62B /* Frameworks */,
				8BB32D102A25F578000EF62B /* Resources */,
			);
			buildRules = (
			);
			dependencies = (
			);
			name = helloC;
			productName = helloC;
			productReference = 8BB32D122A25F578000EF62B /* helloC.app */;
			productType = "com.apple.product-type.application";
		};
		8BB32D2C2A25F579000EF62B /* helloCTests */ = {
			isa = PBXNativeTarget;
			buildConfigurationList = 8BB32D442A25F579000EF62B /* Build configuration list for PBXNativeTarget "helloCTests" */;
			buildPhases = (
				8BB32D292A25F579000EF62B /* Sources */,
				8BB32D2A2A25F579000EF62B /* Frameworks */,
				8BB32D2B2A25F579000EF62B /* Resources */,
			);
			buildRules = (
			);
			dependencies = (
				8BB32D2F2A25F579000EF62B /* PBXTargetDependency */,
			);
			name = helloCTests;
			productName = helloCTests;
			productReference = 8BB32D2D2A25F579000EF62B /* helloCTests.xctest */;
			productType = "com.apple.product-type.bundle.unit-test";
		};
		8BB32D362A25F579000EF62B /* helloCUITests */ = {
			isa = PBXNativeTarget;
			buildConfigurationList = 8BB32D472A25F579000EF62B /* Build configuration list for PBXNativeTarget "helloCUITests" */;
			buildPhases = (
				8BB32D332A25F579000EF62B /* Sources */,
				8BB32D342A25F579000EF62B /* Frameworks */,
				8BB32D352A25F579000EF62B /* Resources */,
			);
			buildRules = (
			);
			dependencies = (
				8BB32D392A25F579000EF62B /* PBXTargetDependency */,
			);
			name = helloCUITests;
			productName = helloCUITests;
			productReference = 8BB32D372A25F579000EF62B /* helloCUITests.xctest */;
			productType = "com.apple.product-type.bundle.ui-testing";
		};
/* End PBXNativeTarget section */

/* Begin PBXProject section */
		8BB32D0A2A25F578000EF62B /* Project object */ = {
			isa = PBXProject;
			attributes = {
				BuildIndependentTargetsInParallel = 1;
				LastUpgradeCheck = 1430;
				TargetAttributes = {
					8BB32D112A25F578000EF62B = {
						CreatedOnToolsVersion = 14.3;
					};
					8BB32D2C2A25F579000EF62B = {
						CreatedOnToolsVersion = 14.3;
						TestTargetID = 8BB32D112A25F578000EF62B;
					};
					8BB32D362A25F579000EF62B = {
						CreatedOnToolsVersion = 14.3;
						TestTargetID = 8BB32D112A25F578000EF62B;
					};
				};
			};
			buildConfigurationList = 8BB32D0D2A25F578000EF62B /* Build configuration list for PBXProject "helloC" */;
			compatibilityVersion = "Xcode 14.0";
			developmentRegion = en;
			hasScannedForEncodings = 0;
			knownRegions = (
				en,
				Base,
			);
			mainGroup = 8BB32D092A25F578000EF62B;
			productRefGroup = 8BB32D132A25F578000EF62B /* Products */;
			projectDirPath = "";
			projectRoot = "";
			targets = (
				8BB32D112A25F578000EF62B /* helloC */,
				8BB32D2C2A25F579000EF62B /* helloCTests */,
				8BB32D362A25F579000EF62B /* helloCUITests */,
			);
		};
/* End PBXProject section */

/* Begin PBXResourcesBuildPhase section */
		8BB32D102A25F578000EF62B /* Resources */ = {
			isa = PBXResourcesBuildPhase;
			buildActionMask = 2147483647;
			files = (
				8BB32D252A25F579000EF62B /* LaunchScreen.storyboard in Resources */,
				8BB32D222A25F579000EF62B /* Assets.xcassets in Resources */,
				8BB32D202A25F578000EF62B /* Main.storyboard in Resources */,
			);
			runOnlyForDeploymentPostprocessing = 0;
		};
		8BB32D2B2A25F579000EF62B /* Resources */ = {
			isa = PBXResourcesBuildPhase;
			buildActionMask = 2147483647;
			files = (
			);
			runOnlyForDeploymentPostprocessing = 0;
		};
		8BB32D352A25F579000EF62B /* Resources */ = {
			isa = PBXResourcesBuildPhase;
			buildActionMask = 2147483647;
			files = (
			);
			runOnlyForDeploymentPostprocessing = 0;
		};
/* End PBXResourcesBuildPhase section */

/* Begin PBXSourcesBuildPhase section */
		8BB32D0E2A25F578000EF62B /* Sources */ = {
			isa = PBXSourcesBuildPhase;
			buildActionMask = 2147483647;
			files = (
				8BB32D1D2A25F578000EF62B /* ViewController.m in Sources */,
				8BB32D172A25F578000EF62B /* AppDelegate.m in Sources */,
				8BB32D282A25F579000EF62B /* main.m in Sources */,
				8BB32D1A2A25F578000EF62B /* SceneDelegate.m in Sources */,
			);
			runOnlyForDeploymentPostprocessing = 0;
		};
		8BB32D292A25F579000EF62B /* Sources */ = {
			isa = PBXSourcesBuildPhase;
			buildActionMask = 2147483647;
			files = (
				8BB32D322A25F579000EF62B /* helloCTests.m in Sources */,
			);
			runOnlyForDeploymentPostprocessing = 0;
		};
		8BB32D332A25F579000EF62B /* Sources */ = {
			isa = PBXSourcesBuildPhase;
			buildActionMask = 2147483647;
			files = (
				8BB32D3C2A25F579000EF62B /* helloCUITests.m in Sources */,
				8BB32D3E2A25F579000EF62B /* helloCUITestsLaunchTests.m in Sources */,
			);
			runOnlyForDeploymentPostprocessing = 0;
		};
/* End PBXSourcesBuildPhase section */

/* Begin PBXTargetDependency section */
		8BB32D2F2A25F579000EF62B /* PBXTargetDependency */ = {
			isa = PBXTargetDependency;
			target = 8BB32D112A25F578000EF62B /* helloC */;
			targetProxy = 8BB32D2E2A25F579000EF62B /* PBXContainerItemProxy */;
		};
		8BB32D392A25F579000EF62B /* PBXTargetDependency */ = {
			isa = PBXTargetDependency;
			target = 8BB32D112A25F578000EF62B /* helloC */;
			targetProxy = 8BB32D382A25F579000EF62B /* PBXContainerItemProxy */;
		};
/* End PBXTargetDependency section */

/* Begin PBXVariantGroup section */
		8BB32D1E2A25F578000EF62B /* Main.storyboard */ = {
			isa = PBXVariantGroup;
			children = (
				8BB32D1F2A25F578000EF62B /* Base */,
			);
			name = Main.storyboard;
			sourceTree = "<group>";
		};
		8BB32D232A25F579000EF62B /* LaunchScreen.storyboard */ = {
			isa = PBXVariantGroup;
			children = (
				8BB32D242A25F579000EF62B /* Base */,
			);
			name = LaunchScreen.storyboard;
			sourceTree = "<group>";
		};
/* End PBXVariantGroup section */

/* Begin XCBuildConfiguration section */
		8BB32D3F2A25F579000EF62B /* Debug */ = {
			isa = XCBuildConfiguration;
			buildSettings = {
				ALWAYS_SEARCH_USER_PATHS = NO;
				CLANG_ANALYZER_NONNULL = YES;
				CLANG_ANALYZER_NUMBER_OBJECT_CONVERSION = YES_AGGRESSIVE;
				CLANG_CXX_LANGUAGE_STANDARD = "gnu++20";
				CLANG_ENABLE_MODULES = YES;
				CLANG_ENABLE_OBJC_ARC = YES;
				CLANG_ENABLE_OBJC_WEAK = YES;
				CLANG_WARN_BLOCK_CAPTURE_AUTORELEASING = YES;
				CLANG_WARN_BOOL_CONVERSION = YES;
				CLANG_WARN_COMMA = YES;
				CLANG_WARN_CONSTANT_CONVERSION = YES;
				CLANG_WARN_DEPRECATED_OBJC_IMPLEMENTATIONS = YES;
				CLANG_WARN_DIRECT_OBJC_ISA_USAGE = YES_ERROR;
				CLANG_WARN_DOCUMENTATION_COMMENTS = YES;
				CLANG_WARN_EMPTY_BODY = YES;
				CLANG_WARN_ENUM_CONVERSION = YES;
				CLANG_WARN_INFINITE_RECURSION = YES;
				CLANG_WARN_INT_CONVERSION = YES;
				CLANG_WARN_NON_LITERAL_NULL_CONVERSION = YES;
				CLANG_WARN_OBJC_IMPLICIT_RETAIN_SELF = YES;
				CLANG_WARN_OBJC_LITERAL_CONVERSION = YES;
				CLANG_WARN_OBJC_ROOT_CLASS = YES_ERROR;
				CLANG_WARN_QUOTED_INCLUDE_IN_FRAMEWORK_HEADER = YES;
				CLANG_WARN_RANGE_LOOP_ANALYSIS = YES;
				CLANG_WARN_STRICT_PROTOTYPES = YES;
				CLANG_WARN_SUSPICIOUS_MOVE = YES;
				CLANG_WARN_UNGUARDED_AVAILABILITY = YES_AGGRESSIVE;
				CLANG_WARN_UNREACHABLE_CODE = YES;
				CLANG_WARN__DUPLICATE_METHOD_MATCH = YES;
				COPY_PHASE_STRIP = NO;
				DEBUG_INFORMATION_FORMAT = dwarf;
				ENABLE_STRICT_OBJC_MSGSEND = YES;
				ENABLE_TESTABILITY = YES;
				GCC_C_LANGUAGE_STANDARD = gnu11;
				GCC_DYNAMIC_NO_PIC = NO;
				GCC_NO_COMMON_BLOCKS = YES;
				GCC_OPTIMIZATION_LEVEL = 0;
				GCC_PREPROCESSOR_DEFINITIONS = (
					"DEBUG=1",
					"$(inherited)",
				);
				GCC_WARN_64_TO_32_BIT_CONVERSION = YES;
				GCC_WARN_ABOUT_RETURN_TYPE = YES_ERROR;
				GCC_WARN_UNDECLARED_SELECTOR = YES;
				GCC_WARN_UNINITIALIZED_AUTOS = YES_AGGRESSIVE;
				GCC_WARN_UNUSED_FUNCTION = YES;
				GCC_WARN_UNUSED_VARIABLE = YES;
				IPHONEOS_DEPLOYMENT_TARGET = 16.4;
				MTL_ENABLE_DEBUG_INFO = INCLUDE_SOURCE;
				MTL_FAST_MATH = YES;
				ONLY_ACTIVE_ARCH = YES;
				SDKROOT = iphoneos;
			};
			name = Debug;
		};
		8BB32D402A25F579000EF62B /* Release */ = {
			isa = XCBuildConfiguration;
			buildSettings = {
				ALWAYS_SEARCH_USER_PATHS = NO;
				CLANG_ANALYZER_NONNULL = YES;
				CLANG_ANALYZER_NUMBER_OBJECT_CONVERSION = YES_AGGRESSIVE;
				CLANG_CXX_LANGUAGE_STANDARD = "gnu++20";
				CLANG_ENABLE_MODULES = YES;
				CLANG_ENABLE_OBJC_ARC = YES;
				CLANG_ENABLE_OBJC_WEAK = YES;
				CLANG_WARN_BLOCK_CAPTURE_AUTORELEASING = YES;
				CLANG_WARN_BOOL_CONVERSION = YES;
				CLANG_WARN_COMMA = YES;
				CLANG_WARN_CONSTANT_CONVERSION = YES;
				CLANG_WARN_DEPRECATED_OBJC_IMPLEMENTATIONS = YES;
				CLANG_WARN_DIRECT_OBJC_ISA_USAGE = YES_ERROR;
				CLANG_WARN_DOCUMENTATION_COMMENTS = YES;
				CLANG_WARN_EMPTY_BODY = YES;
				CLANG_WARN_ENUM_CONVERSION = YES;
				CLANG_WARN_INFINITE_RECURSION = YES;
				CLANG_WARN_INT_CONVERSION = YES;
				CLANG_WARN_NON_LITERAL_NULL_CONVERSION = YES;
				CLANG_WARN_OBJC_IMPLICIT_RETAIN_SELF = YES;
				CLANG_WARN_OBJC_LITERAL_CONVERSION = YES;
				CLANG_WARN_OBJC_ROOT_CLASS = YES_ERROR;
				CLANG_WARN_QUOTED_INCLUDE_IN_FRAMEWORK_HEADER = YES;
				CLANG_WARN_RANGE_LOOP_ANALYSIS = YES;
				CLANG_WARN_STRICT_PROTOTYPES = YES;
				CLANG_WARN_SUSPICIOUS_MOVE = YES;
				CLANG_WARN_UNGUARDED_AVAILABILITY = YES_AGGRESSIVE;
				CLANG_WARN_UNREACHABLE_CODE = YES;
				CLANG_WARN__DUPLICATE_METHOD_MATCH = YES;
				COPY_PHASE_STRIP = NO;
				DEBUG_INFORMATION_FORMAT = "dwarf-with-dsym";
				ENABLE_NS_ASSERTIONS = NO;
				ENABLE_STRICT_OBJC_MSGSEND = YES;
				GCC_C_LANGUAGE_STANDARD = gnu11;
				GCC_NO_COMMON_BLOCKS = YES;
				GCC_WARN_64_TO_32_BIT_CONVERSION = YES;
				GCC_WARN_ABOUT_RETURN_TYPE = YES_ERROR;
				GCC_WARN_UNDECLARED_SELECTOR = YES;
				GCC_WARN_UNINITIALIZED_AUTOS = YES_AGGRESSIVE;
				GCC_WARN_UNUSED_FUNCTION = YES;
				GCC_WARN_UNUSED_VARIABLE = YES;
				IPHONEOS_DEPLOYMENT_TARGET = 16.4;
				MTL_ENABLE_DEBUG_INFO = NO;
				MTL_FAST_MATH = YES;
				SDKROOT = iphoneos;
				VALIDATE_PRODUCT = YES;
			};
			name = Release;
		};
		8BB32D422A25F579000EF62B /* Debug */ = {
			isa = XCBuildConfiguration;
			buildSettings = {
				ASSETCATALOG_COMPILER_APPICON_NAME = AppIcon;
				ASSETCATALOG_COMPILER_GLOBAL_ACCENT_COLOR_NAME = AccentColor;
				CODE_SIGN_STYLE = Automatic;
				CURRENT_PROJECT_VERSION = 1;
				DEVELOPMENT_TEAM = G326KWL9TH;
				GENERATE_INFOPLIST_FILE = YES;
				INFOPLIST_FILE = helloC/Info.plist;
				INFOPLIST_KEY_UIApplicationSupportsIndirectInputEvents = YES;
				INFOPLIST_KEY_UILaunchStoryboardName = LaunchScreen;
				INFOPLIST_KEY_UIMainStoryboardFile = Main;
				INFOPLIST_KEY_UISupportedInterfaceOrientations_iPad = "UIInterfaceOrientationPortrait UIInterfaceOrientationPortraitUpsideDown UIInterfaceOrientationLandscapeLeft UIInterfaceOrientationLandscapeRight";
				INFOPLIST_KEY_UISupportedInterfaceOrientations_iPhone = "UIInterfaceOrientationPortrait UIInterfaceOrientationLandscapeLeft UIInterfaceOrientationLandscapeRight";
				LD_RUNPATH_SEARCH_PATHS = (
					"$(inherited)",
					"@executable_path/Frameworks",
				);
				MARKETING_VERSION = 1.0;
				PRODUCT_BUNDLE_IDENTIFIER = com.coTe.helloC;
				PRODUCT_NAME = "$(TARGET_NAME)";
				SWIFT_EMIT_LOC_STRINGS = YES;
				TARGETED_DEVICE_FAMILY = "1,2";
			};
			name = Debug;
		};
		8BB32D432A25F579000EF62B /* Release */ = {
			isa = XCBuildConfiguration;
			buildSettings = {
				ASSETCATALOG_COMPILER_APPICON_NAME = AppIcon;
				ASSETCATALOG_COMPILER_GLOBAL_ACCENT_COLOR_NAME = AccentColor;
				CODE_SIGN_STYLE = Automatic;
				CURRENT_PROJECT_VERSION = 1;
				DEVELOPMENT_TEAM = G326KWL9TH;
				GENERATE_INFOPLIST_FILE = YES;
				INFOPLIST_FILE = helloC/Info.plist;
				INFOPLIST_KEY_UIApplicationSupportsIndirectInputEvents = YES;
				INFOPLIST_KEY_UILaunchStoryboardName = LaunchScreen;
				INFOPLIST_KEY_UIMainStoryboardFile = Main;
				INFOPLIST_KEY_UISupportedInterfaceOrientations_iPad = "UIInterfaceOrientationPortrait UIInterfaceOrientationPortraitUpsideDown UIInterfaceOrientationLandscapeLeft UIInterfaceOrientationLandscapeRight";
				INFOPLIST_KEY_UISupportedInterfaceOrientations_iPhone = "UIInterfaceOrientationPortrait UIInterfaceOrientationLandscapeLeft UIInterfaceOrientationLandscapeRight";
				LD_RUNPATH_SEARCH_PATHS = (
					"$(inherited)",
					"@executable_path/Frameworks",
				);
				MARKETING_VERSION = 1.0;
				PRODUCT_BUNDLE_IDENTIFIER = com.coTe.helloC;
				PRODUCT_NAME = "$(TARGET_NAME)";
				SWIFT_EMIT_LOC_STRINGS = YES;
				TARGETED_DEVICE_FAMILY = "1,2";
			};
			name = Release;
		};
		8BB32D452A25F579000EF62B /* Debug */ = {
			isa = XCBuildConfiguration;
			buildSettings = {
				BUNDLE_LOADER = "$(TEST_HOST)";
				CODE_SIGN_STYLE = Automatic;
				CURRENT_PROJECT_VERSION = 1;
				DEVELOPMENT_TEAM = G326KWL9TH;
				GENERATE_INFOPLIST_FILE = YES;
				IPHONEOS_DEPLOYMENT_TARGET = 16.4;
				MARKETING_VERSION = 1.0;
				PRODUCT_BUNDLE_IDENTIFIER = com.coTe.helloCTests;
				PRODUCT_NAME = "$(TARGET_NAME)";
				SWIFT_EMIT_LOC_STRINGS = NO;
				TARGETED_DEVICE_FAMILY = "1,2";
				TEST_HOST = "$(BUILT_PRODUCTS_DIR)/helloC.app/$(BUNDLE_EXECUTABLE_FOLDER_PATH)/helloC";
			};
			name = Debug;
		};
		8BB32D462A25F579000EF62B /* Release */ = {
			isa = XCBuildConfiguration;
			buildSettings = {
				BUNDLE_LOADER = "$(TEST_HOST)";
				CODE_SIGN_STYLE = Automatic;
				CURRENT_PROJECT_VERSION = 1;
				DEVELOPMENT_TEAM = G326KWL9TH;
				GENERATE_INFOPLIST_FILE = YES;
				IPHONEOS_DEPLOYMENT_TARGET = 16.4;
				MARKETING_VERSION = 1.0;
				PRODUCT_BUNDLE_IDENTIFIER = com.coTe.helloCTests;
				PRODUCT_NAME = "$(TARGET_NAME)";
				SWIFT_EMIT_LOC_STRINGS = NO;
				TARGETED_DEVICE_FAMILY = "1,2";
				TEST_HOST = "$(BUILT_PRODUCTS_DIR)/helloC.app/$(BUNDLE_EXECUTABLE_FOLDER_PATH)/helloC";
			};
			name = Release;
		};
		8BB32D482A25F579000EF62B /* Debug */ = {
			isa = XCBuildConfiguration;
			buildSettings = {
				CODE_SIGN_STYLE = Automatic;
				CURRENT_PROJECT_VERSION = 1;
				DEVELOPMENT_TEAM = G326KWL9TH;
				GENERATE_INFOPLIST_FILE = YES;
				MARKETING_VERSION = 1.0;
				PRODUCT_BUNDLE_IDENTIFIER = com.coTe.helloCUITests;
				PRODUCT_NAME = "$(TARGET_NAME)";
				SWIFT_EMIT_LOC_STRINGS = NO;
				TARGETED_DEVICE_FAMILY = "1,2";
				TEST_TARGET_NAME = helloC;
			};
			name = Debug;
		};
		8BB32D492A25F579000EF62B /* Release */ = {
			isa = XCBuildConfiguration;
			buildSettings = {
				CODE_SIGN_STYLE = Automatic;
				CURRENT_PROJECT_VERSION = 1;
				DEVELOPMENT_TEAM = G326KWL9TH;
				GENERATE_INFOPLIST_FILE = YES;
				MARKETING_VERSION = 1.0;
				PRODUCT_BUNDLE_IDENTIFIER = com.coTe.helloCUITests;
				PRODUCT_NAME = "$(TARGET_NAME)";
				SWIFT_EMIT_LOC_STRINGS = NO;
				TARGETED_DEVICE_FAMILY = "1,2";
				TEST_TARGET_NAME = helloC;
			};
			name = Release;
		};
/* End XCBuildConfiguration section */

/* Begin XCConfigurationList section */
		8BB32D0D2A25F578000EF62B /* Build configuration list for PBXProject "helloC" */ = {
			isa = XCConfigurationList;
			buildConfigurations = (
				8BB32D3F2A25F579000EF62B /* Debug */,
				8BB32D402A25F579000EF62B /* Release */,
			);
			defaultConfigurationIsVisible = 0;
			defaultConfigurationName = Release;
		};
		8BB32D412A25F579000EF62B /* Build configuration list for PBXNativeTarget "helloC" */ = {
			isa = XCConfigurationList;
			buildConfigurations = (
				8BB32D422A25F579000EF62B /* Debug */,
				8BB32D432A25F579000EF62B /* Release */,
			);
			defaultConfigurationIsVisible = 0;
			defaultConfigurationName = Release;
		};
		8BB32D442A25F579000EF62B /* Build configuration list for PBXNativeTarget "helloCTests" */ = {
			isa = XCConfigurationList;
			buildConfigurations = (
				8BB32D452A25F579000EF62B /* Debug */,
				8BB32D462A25F579000EF62B /* Release */,
			);
			defaultConfigurationIsVisible = 0;
			defaultConfigurationName = Release;
		};
		8BB32D472A25F579000EF62B /* Build configuration list for PBXNativeTarget "helloCUITests" */ = {
			isa = XCConfigurationList;
			buildConfigurations = (
				8BB32D482A25F579000EF62B /* Debug */,
				8BB32D492A25F579000EF62B /* Release */,
			);
			defaultConfigurationIsVisible = 0;
			defaultConfigurationName = Release;
		};
/* End XCConfigurationList section */
	};
	rootObject = 8BB32D0A2A25F578000EF62B /* Project object */;
}
